// !$*UTF8*$!
{
	archiveVersion = 1;
	classes = {
	};
	objectVersion = 56;
	objects = {

/* Begin PBXBuildFile section */
		C0324FEC2B4D7D4D00B03A88 /* unordered_map.cpp in Sources */ = {isa = PBXBuildFile; fileRef = C0324FEB2B4D7D4D00B03A88 /* unordered_map.cpp */; };
		C07FEBFA2B4D853C000E9692 /* multithreading.cpp in Sources */ = {isa = PBXBuildFile; fileRef = C07FEBF92B4D853C000E9692 /* multithreading.cpp */; };
		C07FEBFC2B4E07D4000E9692 /* memoryLocations.cpp in Sources */ = {isa = PBXBuildFile; fileRef = C07FEBFB2B4E07D4000E9692 /* memoryLocations.cpp */; };
		C07FEBFE2B4E0D9A000E9692 /* watchdog.cpp in Sources */ = {isa = PBXBuildFile; fileRef = C07FEBFD2B4E0D9A000E9692 /* watchdog.cpp */; };
		C0A1EF762B50759B006635B0 /* varintDecoder.cpp in Sources */ = {isa = PBXBuildFile; fileRef = C0A1EF752B50759B006635B0 /* varintDecoder.cpp */; };
		C0A1EF782B532D8F006635B0 /* multithreading2.cpp in Sources */ = {isa = PBXBuildFile; fileRef = C0A1EF772B532D8F006635B0 /* multithreading2.cpp */; };
		C0A4C5AE2B4B4C86004E320A /* main.cpp in Sources */ = {isa = PBXBuildFile; fileRef = C0A4C5AD2B4B4C86004E320A /* main.cpp */; };
/* End PBXBuildFile section */

/* Begin PBXCopyFilesBuildPhase section */
		C0A4C5A82B4B4C86004E320A /* CopyFiles */ = {
			isa = PBXCopyFilesBuildPhase;
			buildActionMask = 2147483647;
			dstPath = /usr/share/man/man1/;
			dstSubfolderSpec = 0;
			files = (
			);
			runOnlyForDeploymentPostprocessing = 1;
		};
/* End PBXCopyFilesBuildPhase section */

/* Begin PBXFileReference section */
		C0324FEB2B4D7D4D00B03A88 /* unordered_map.cpp */ = {isa = PBXFileReference; lastKnownFileType = sourcecode.cpp.cpp; name = unordered_map.cpp; path = cpp/unordered_map.cpp; sourceTree = "<group>"; };
		C07FEBF92B4D853C000E9692 /* multithreading.cpp */ = {isa = PBXFileReference; lastKnownFileType = sourcecode.cpp.cpp; name = multithreading.cpp; path = cpp/multithreading.cpp; sourceTree = "<group>"; };
		C07FEBFB2B4E07D4000E9692 /* memoryLocations.cpp */ = {isa = PBXFileReference; lastKnownFileType = sourcecode.cpp.cpp; name = memoryLocations.cpp; path = cpp/memoryLocations.cpp; sourceTree = "<group>"; };
		C07FEBFD2B4E0D9A000E9692 /* watchdog.cpp */ = {isa = PBXFileReference; lastKnownFileType = sourcecode.cpp.cpp; name = watchdog.cpp; path = cpp/watchdog.cpp; sourceTree = "<group>"; };
		C0A1EF752B50759B006635B0 /* varintDecoder.cpp */ = {isa = PBXFileReference; lastKnownFileType = sourcecode.cpp.cpp; name = varintDecoder.cpp; path = cpp/varintDecoder.cpp; sourceTree = "<group>"; };
		C0A1EF772B532D8F006635B0 /* multithreading2.cpp */ = {isa = PBXFileReference; lastKnownFileType = sourcecode.cpp.cpp; name = multithreading2.cpp; path = cpp/multithreading2.cpp; sourceTree = "<group>"; };
		C0A4C5AA2B4B4C86004E320A /* interview-practice */ = {isa = PBXFileReference; explicitFileType = "compiled.mach-o.executable"; includeInIndex = 0; path = "interview-practice"; sourceTree = BUILT_PRODUCTS_DIR; };
		C0A4C5AD2B4B4C86004E320A /* main.cpp */ = {isa = PBXFileReference; lastKnownFileType = sourcecode.cpp.cpp; path = main.cpp; sourceTree = "<group>"; };
		C0A4C5B42B4B4CBC004E320A /* cpp */ = {isa = PBXFileReference; lastKnownFileType = folder; path = cpp; sourceTree = "<group>"; };
		C0A4C5B52B4B4CBC004E320A /* python */ = {isa = PBXFileReference; lastKnownFileType = folder; path = python; sourceTree = "<group>"; };
		C0A4C5B62B4B4CBC004E320A /* c */ = {isa = PBXFileReference; lastKnownFileType = folder; path = c; sourceTree = "<group>"; };
/* End PBXFileReference section */

/* Begin PBXFrameworksBuildPhase section */
		C0A4C5A72B4B4C86004E320A /* Frameworks */ = {
			isa = PBXFrameworksBuildPhase;
			buildActionMask = 2147483647;
			files = (
			);
			runOnlyForDeploymentPostprocessing = 0;
		};
/* End PBXFrameworksBuildPhase section */

/* Begin PBXGroup section */
		C0A4C5A12B4B4C85004E320A = {
			isa = PBXGroup;
			children = (
				C0A4C5AC2B4B4C86004E320A /* interview-practice */,
				C0A4C5AB2B4B4C86004E320A /* Products */,
			);
			sourceTree = "<group>";
		};
		C0A4C5AB2B4B4C86004E320A /* Products */ = {
			isa = PBXGroup;
			children = (
				C0A4C5AA2B4B4C86004E320A /* interview-practice */,
			);
			name = Products;
			sourceTree = "<group>";
		};
		C0A4C5AC2B4B4C86004E320A /* interview-practice */ = {
			isa = PBXGroup;
			children = (
				C0A4C5AD2B4B4C86004E320A /* main.cpp */,
				C0A4C5B62B4B4CBC004E320A /* c */,
				C0A4C5B42B4B4CBC004E320A /* cpp */,
				C0A4C5B52B4B4CBC004E320A /* python */,
				C0324FEB2B4D7D4D00B03A88 /* unordered_map.cpp */,
				C07FEBF92B4D853C000E9692 /* multithreading.cpp */,
				C07FEBFB2B4E07D4000E9692 /* memoryLocations.cpp */,
				C07FEBFD2B4E0D9A000E9692 /* watchdog.cpp */,
				C0A1EF752B50759B006635B0 /* varintDecoder.cpp */,
				C0A1EF772B532D8F006635B0 /* multithreading2.cpp */,
			);
			path = "interview-practice";
			sourceTree = "<group>";
		};
/* End PBXGroup section */

/* Begin PBXNativeTarget section */
		C0A4C5A92B4B4C86004E320A /* interview-practice */ = {
			isa = PBXNativeTarget;
			buildConfigurationList = C0A4C5B12B4B4C86004E320A /* Build configuration list for PBXNativeTarget "interview-practice" */;
			buildPhases = (
				C0A4C5A62B4B4C86004E320A /* Sources */,
				C0A4C5A72B4B4C86004E320A /* Frameworks */,
				C0A4C5A82B4B4C86004E320A /* CopyFiles */,
			);
			buildRules = (
			);
			dependencies = (
			);
			name = "interview-practice";
			productName = "interview-practice";
			productReference = C0A4C5AA2B4B4C86004E320A /* interview-practice */;
			productType = "com.apple.product-type.tool";
		};
/* End PBXNativeTarget section */

/* Begin PBXProject section */
		C0A4C5A22B4B4C85004E320A /* Project object */ = {
			isa = PBXProject;
			attributes = {
				BuildIndependentTargetsInParallel = 1;
				LastUpgradeCheck = 1510;
				TargetAttributes = {
					C0A4C5A92B4B4C86004E320A = {
						CreatedOnToolsVersion = 15.1;
					};
				};
			};
			buildConfigurationList = C0A4C5A52B4B4C85004E320A /* Build configuration list for PBXProject "interview-practice" */;
			compatibilityVersion = "Xcode 14.0";
			developmentRegion = en;
			hasScannedForEncodings = 0;
			knownRegions = (
				en,
				Base,
			);
			mainGroup = C0A4C5A12B4B4C85004E320A;
			productRefGroup = C0A4C5AB2B4B4C86004E320A /* Products */;
			projectDirPath = "";
			projectRoot = "";
			targets = (
				C0A4C5A92B4B4C86004E320A /* interview-practice */,
			);
		};
/* End PBXProject section */

/* Begin PBXSourcesBuildPhase section */
		C0A4C5A62B4B4C86004E320A /* Sources */ = {
			isa = PBXSourcesBuildPhase;
			buildActionMask = 2147483647;
			files = (
				C0A1EF782B532D8F006635B0 /* multithreading2.cpp in Sources */,
				C07FEBFA2B4D853C000E9692 /* multithreading.cpp in Sources */,
				C07FEBFC2B4E07D4000E9692 /* memoryLocations.cpp in Sources */,
				C0A4C5AE2B4B4C86004E320A /* main.cpp in Sources */,
				C0324FEC2B4D7D4D00B03A88 /* unordered_map.cpp in Sources */,
				C0A1EF762B50759B006635B0 /* varintDecoder.cpp in Sources */,
				C07FEBFE2B4E0D9A000E9692 /* watchdog.cpp in Sources */,
			);
			runOnlyForDeploymentPostprocessing = 0;
		};
/* End PBXSourcesBuildPhase section */

/* Begin XCBuildConfiguration section */
		C0A4C5AF2B4B4C86004E320A /* Debug */ = {
			isa = XCBuildConfiguration;
			buildSettings = {
				ALWAYS_SEARCH_USER_PATHS = NO;
				ASSETCATALOG_COMPILER_GENERATE_SWIFT_ASSET_SYMBOL_EXTENSIONS = YES;
				CLANG_ANALYZER_NONNULL = YES;
				CLANG_ANALYZER_NUMBER_OBJECT_CONVERSION = YES_AGGRESSIVE;
				CLANG_CXX_LANGUAGE_STANDARD = "gnu++20";
				CLANG_ENABLE_MODULES = YES;
				CLANG_ENABLE_OBJC_ARC = YES;
				CLANG_ENABLE_OBJC_WEAK = YES;
				CLANG_WARN_BLOCK_CAPTURE_AUTORELEASING = YES;
				CLANG_WARN_BOOL_CONVERSION = YES;
				CLANG_WARN_COMMA = YES;
				CLANG_WARN_CONSTANT_CONVERSION = YES;
				CLANG_WARN_DEPRECATED_OBJC_IMPLEMENTATIONS = YES;
				CLANG_WARN_DIRECT_OBJC_ISA_USAGE = YES_ERROR;
				CLANG_WARN_DOCUMENTATION_COMMENTS = YES;
				CLANG_WARN_EMPTY_BODY = YES;
				CLANG_WARN_ENUM_CONVERSION = YES;
				CLANG_WARN_INFINITE_RECURSION = YES;
				CLANG_WARN_INT_CONVERSION = YES;
				CLANG_WARN_NON_LITERAL_NULL_CONVERSION = YES;
				CLANG_WARN_OBJC_IMPLICIT_RETAIN_SELF = YES;
				CLANG_WARN_OBJC_LITERAL_CONVERSION = YES;
				CLANG_WARN_OBJC_ROOT_CLASS = YES_ERROR;
				CLANG_WARN_QUOTED_INCLUDE_IN_FRAMEWORK_HEADER = YES;
				CLANG_WARN_RANGE_LOOP_ANALYSIS = YES;
				CLANG_WARN_STRICT_PROTOTYPES = YES;
				CLANG_WARN_SUSPICIOUS_MOVE = YES;
				CLANG_WARN_UNGUARDED_AVAILABILITY = YES_AGGRESSIVE;
				CLANG_WARN_UNREACHABLE_CODE = YES;
				CLANG_WARN__DUPLICATE_METHOD_MATCH = YES;
				COPY_PHASE_STRIP = NO;
				DEBUG_INFORMATION_FORMAT = dwarf;
				ENABLE_STRICT_OBJC_MSGSEND = YES;
				ENABLE_TESTABILITY = YES;
				ENABLE_USER_SCRIPT_SANDBOXING = YES;
				GCC_C_LANGUAGE_STANDARD = gnu17;
				GCC_DYNAMIC_NO_PIC = NO;
				GCC_NO_COMMON_BLOCKS = YES;
				GCC_OPTIMIZATION_LEVEL = 0;
				GCC_PREPROCESSOR_DEFINITIONS = (
					"DEBUG=1",
					"$(inherited)",
				);
				GCC_WARN_64_TO_32_BIT_CONVERSION = YES;
				GCC_WARN_ABOUT_RETURN_TYPE = YES_ERROR;
				GCC_WARN_UNDECLARED_SELECTOR = YES;
				GCC_WARN_UNINITIALIZED_AUTOS = YES_AGGRESSIVE;
				GCC_WARN_UNUSED_FUNCTION = YES;
				GCC_WARN_UNUSED_VARIABLE = YES;
				LOCALIZATION_PREFERS_STRING_CATALOGS = YES;
				MACOSX_DEPLOYMENT_TARGET = 14.2;
				MTL_ENABLE_DEBUG_INFO = INCLUDE_SOURCE;
				MTL_FAST_MATH = YES;
				ONLY_ACTIVE_ARCH = YES;
				SDKROOT = macosx;
			};
			name = Debug;
		};
		C0A4C5B02B4B4C86004E320A /* Release */ = {
			isa = XCBuildConfiguration;
			buildSettings = {
				ALWAYS_SEARCH_USER_PATHS = NO;
				ASSETCATALOG_COMPILER_GENERATE_SWIFT_ASSET_SYMBOL_EXTENSIONS = YES;
				CLANG_ANALYZER_NONNULL = YES;
				CLANG_ANALYZER_NUMBER_OBJECT_CONVERSION = YES_AGGRESSIVE;
				CLANG_CXX_LANGUAGE_STANDARD = "gnu++20";
				CLANG_ENABLE_MODULES = YES;
				CLANG_ENABLE_OBJC_ARC = YES;
				CLANG_ENABLE_OBJC_WEAK = YES;
				CLANG_WARN_BLOCK_CAPTURE_AUTORELEASING = YES;
				CLANG_WARN_BOOL_CONVERSION = YES;
				CLANG_WARN_COMMA = YES;
				CLANG_WARN_CONSTANT_CONVERSION = YES;
				CLANG_WARN_DEPRECATED_OBJC_IMPLEMENTATIONS = YES;
				CLANG_WARN_DIRECT_OBJC_ISA_USAGE = YES_ERROR;
				CLANG_WARN_DOCUMENTATION_COMMENTS = YES;
				CLANG_WARN_EMPTY_BODY = YES;
				CLANG_WARN_ENUM_CONVERSION = YES;
				CLANG_WARN_INFINITE_RECURSION = YES;
				CLANG_WARN_INT_CONVERSION = YES;
				CLANG_WARN_NON_LITERAL_NULL_CONVERSION = YES;
				CLANG_WARN_OBJC_IMPLICIT_RETAIN_SELF = YES;
				CLANG_WARN_OBJC_LITERAL_CONVERSION = YES;
				CLANG_WARN_OBJC_ROOT_CLASS = YES_ERROR;
				CLANG_WARN_QUOTED_INCLUDE_IN_FRAMEWORK_HEADER = YES;
				CLANG_WARN_RANGE_LOOP_ANALYSIS = YES;
				CLANG_WARN_STRICT_PROTOTYPES = YES;
				CLANG_WARN_SUSPICIOUS_MOVE = YES;
				CLANG_WARN_UNGUARDED_AVAILABILITY = YES_AGGRESSIVE;
				CLANG_WARN_UNREACHABLE_CODE = YES;
				CLANG_WARN__DUPLICATE_METHOD_MATCH = YES;
				COPY_PHASE_STRIP = NO;
				DEBUG_INFORMATION_FORMAT = "dwarf-with-dsym";
				ENABLE_NS_ASSERTIONS = NO;
				ENABLE_STRICT_OBJC_MSGSEND = YES;
				ENABLE_USER_SCRIPT_SANDBOXING = YES;
				GCC_C_LANGUAGE_STANDARD = gnu17;
				GCC_NO_COMMON_BLOCKS = YES;
				GCC_WARN_64_TO_32_BIT_CONVERSION = YES;
				GCC_WARN_ABOUT_RETURN_TYPE = YES_ERROR;
				GCC_WARN_UNDECLARED_SELECTOR = YES;
				GCC_WARN_UNINITIALIZED_AUTOS = YES_AGGRESSIVE;
				GCC_WARN_UNUSED_FUNCTION = YES;
				GCC_WARN_UNUSED_VARIABLE = YES;
				LOCALIZATION_PREFERS_STRING_CATALOGS = YES;
				MACOSX_DEPLOYMENT_TARGET = 14.2;
				MTL_ENABLE_DEBUG_INFO = NO;
				MTL_FAST_MATH = YES;
				SDKROOT = macosx;
			};
			name = Release;
		};
		C0A4C5B22B4B4C86004E320A /* Debug */ = {
			isa = XCBuildConfiguration;
			buildSettings = {
				CODE_SIGN_STYLE = Automatic;
				DEVELOPMENT_TEAM = KANKGQS5CH;
				ENABLE_HARDENED_RUNTIME = YES;
				PRODUCT_NAME = "$(TARGET_NAME)";
			};
			name = Debug;
		};
		C0A4C5B32B4B4C86004E320A /* Release */ = {
			isa = XCBuildConfiguration;
			buildSettings = {
				CODE_SIGN_STYLE = Automatic;
				DEVELOPMENT_TEAM = KANKGQS5CH;
				ENABLE_HARDENED_RUNTIME = YES;
				PRODUCT_NAME = "$(TARGET_NAME)";
			};
			name = Release;
		};
/* End XCBuildConfiguration section */

/* Begin XCConfigurationList section */
		C0A4C5A52B4B4C85004E320A /* Build configuration list for PBXProject "interview-practice" */ = {
			isa = XCConfigurationList;
			buildConfigurations = (
				C0A4C5AF2B4B4C86004E320A /* Debug */,
				C0A4C5B02B4B4C86004E320A /* Release */,
			);
			defaultConfigurationIsVisible = 0;
			defaultConfigurationName = Release;
		};
		C0A4C5B12B4B4C86004E320A /* Build configuration list for PBXNativeTarget "interview-practice" */ = {
			isa = XCConfigurationList;
			buildConfigurations = (
				C0A4C5B22B4B4C86004E320A /* Debug */,
				C0A4C5B32B4B4C86004E320A /* Release */,
			);
			defaultConfigurationIsVisible = 0;
			defaultConfigurationName = Release;
		};
/* End XCConfigurationList section */
	};
	rootObject = C0A4C5A22B4B4C85004E320A /* Project object */;
}
